
Microsoft Visual Studio Solution File, Format Version 12.00
# Visual Studio 15
VisualStudioVersion = 15.0.28307.705
MinimumVisualStudioVersion = 10.0.40219.1
Project("{2150E333-8FDC-42A3-9474-1A3956D46DE8}") = "App-Basic", "App-Basic", "{D299CE43-2D0E-46AA-970C-0789F4184582}"
EndProject
Project("{9A19103F-16F7-4668-BE54-9A1E7A4F7556}") = "App.Basic.Domain", "app-basic\App.Basic.Domain\App.Basic.Domain.csproj", "{1FD78773-B586-47C9-AB78-192F327E93B6}"
EndProject
Project("{9A19103F-16F7-4668-BE54-9A1E7A4F7556}") = "App.Basic.Infrastructure", "app-basic\App.Basic.Infrastructure\App.Basic.Infrastructure.csproj", "{0003212E-6AC8-4467-911B-38FC638E2F96}"
EndProject
Project("{9A19103F-16F7-4668-BE54-9A1E7A4F7556}") = "App.Basic.API", "app-basic\App.Basic.API\App.Basic.API.csproj", "{86392598-5BF9-4A9F-9C63-6492759915B8}"
EndProject
Project("{2150E333-8FDC-42A3-9474-1A3956D46DE8}") = "App-OSS", "App-OSS", "{FF9DEA88-DB75-426E-856D-811A9854494C}"
EndProject
Project("{9A19103F-16F7-4668-BE54-9A1E7A4F7556}") = "App.OSS.Domain", "app-oss\App.OSS.Domain\App.OSS.Domain.csproj", "{DA4182F6-6B85-44B5-B2D7-B5CA2C503163}"
EndProject
Project("{9A19103F-16F7-4668-BE54-9A1E7A4F7556}") = "App.OSS.Infrastructure", "app-oss\App.OSS.Infrastructure\App.OSS.Infrastructure.csproj", "{A4EA8666-EE50-4363-8F1D-762680D53DDA}"
EndProject
Project("{9A19103F-16F7-4668-BE54-9A1E7A4F7556}") = "App.OSS.API", "app-oss\App.OSS.API\App.OSS.API.csproj", "{EDC2D1B7-7987-448E-91B8-C7D5DA440985}"
EndProject
Project("{2150E333-8FDC-42A3-9474-1A3956D46DE8}") = "App-MoreJee", "App-MoreJee", "{3C3030DA-3C52-4ABE-87C2-2F9036DA5A64}"
EndProject
Project("{9A19103F-16F7-4668-BE54-9A1E7A4F7556}") = "App.MoreJee.Domain", "app-morejee\App.MoreJee.Domain\App.MoreJee.Domain.csproj", "{0C17E302-FFAB-40E5-B8DC-D8A6BDD3FAEA}"
EndProject
Project("{9A19103F-16F7-4668-BE54-9A1E7A4F7556}") = "App.MoreJee.Infrastructure", "app-morejee\App.MoreJee.Infrastructure\App.MoreJee.Infrastructure.csproj", "{2BCAFD69-E237-41CD-BE7C-8531410E7E13}"
EndProject
Project("{9A19103F-16F7-4668-BE54-9A1E7A4F7556}") = "App.Basic.IntegrationTesting", "app-basic\App.Basic.IntegrationTesting\App.Basic.IntegrationTesting.csproj", "{A7517617-AB14-4AFE-B4DB-DF131F5E8E82}"
EndProject
Project("{2150E333-8FDC-42A3-9474-1A3956D46DE8}") = "App-Infrastructure", "App-Infrastructure", "{92097AC9-910D-440F-A3A6-E740D23407C7}"
EndProject
Project("{9A19103F-16F7-4668-BE54-9A1E7A4F7556}") = "App.Infrastructure.APIGateway", "app-infrastructure\App.Infrastructure.APIGateway\App.Infrastructure.APIGateway.csproj", "{5416978D-EF3B-47CB-B86C-E745123F13DD}"
EndProject
Project("{2150E333-8FDC-42A3-9474-1A3956D46DE8}") = "Debugger", "Debugger", "{552A43DF-0200-4364-A4F3-BF3C740A033A}"
	ProjectSection(SolutionItems) = preProject
		.env = .env
		docker-compose.yml = docker-compose.yml
		README.md = README.md
	EndProjectSection
EndProject
Project("{2150E333-8FDC-42A3-9474-1A3956D46DE8}") = "App-Base", "App-Base", "{7ED11BFF-9562-4668-858C-3768AD58531D}"
EndProject
Project("{9A19103F-16F7-4668-BE54-9A1E7A4F7556}") = "App.Base.Domain", "app-base\App.Base.Domain\App.Base.Domain.csproj", "{9EDE0EAE-C116-489C-9C76-E95731D2169D}"
EndProject
Project("{9A19103F-16F7-4668-BE54-9A1E7A4F7556}") = "App.Base.Infrastructure", "app-base\App.Base.Infrastructure\App.Base.Infrastructure.csproj", "{FEA66DE3-C5E0-4BDB-8551-073A98189761}"
EndProject
Project("{9A19103F-16F7-4668-BE54-9A1E7A4F7556}") = "App.Base.API", "app-base\App.Base.API\App.Base.API.csproj", "{4602311B-0236-4085-98E9-07F06BEB9123}"
EndProject
Project("{9A19103F-16F7-4668-BE54-9A1E7A4F7556}") = "App.MoreJee.API", "app-morejee\App.MoreJee.API\App.MoreJee.API.csproj", "{AC9418BD-C0F2-479B-BC1B-37CDDE8CA6CC}"
EndProject
Project("{9A19103F-16F7-4668-BE54-9A1E7A4F7556}") = "App.OMS.Domain", "app-oms\App.OMS.Domain\App.OMS.Domain.csproj", "{374FEE92-4057-4B85-9F06-92C51EA2A3C0}"
EndProject
Project("{2150E333-8FDC-42A3-9474-1A3956D46DE8}") = "App-OMS", "App-OMS", "{47A4286A-3807-4DD9-AF7D-EFEFF01B4456}"
EndProject
Project("{9A19103F-16F7-4668-BE54-9A1E7A4F7556}") = "App.OMS.Infrastructure", "app-oms\App.OMS.Infrastructure\App.OMS.Infrastructure.csproj", "{4BEC4A2F-67E5-44E9-8979-55977EB63D88}"
EndProject
Project("{9A19103F-16F7-4668-BE54-9A1E7A4F7556}") = "App.OMS.API", "app-oms\App.OMS.API\App.OMS.API.csproj", "{69ECC309-3030-4A7C-B38E-67B1D9EFE2F9}"
EndProject
Project("{9A19103F-16F7-4668-BE54-9A1E7A4F7556}") = "App.MoreJee.Export", "app-morejee\App.MoreJee.Export\App.MoreJee.Export.csproj", "{B4B911CB-BA2B-4B3E-AD25-12FB54782DC3}"
EndProject
Project("{9A19103F-16F7-4668-BE54-9A1E7A4F7556}") = "App.Base.EventBus", "app-base\App.Base.EventBus\App.Base.EventBus.csproj", "{EE631DCC-E92F-475C-B83D-5CB3215A4B74}"
EndProject
Project("{9A19103F-16F7-4668-BE54-9A1E7A4F7556}") = "App.Base.EventBusRabbitMQ", "app-base\App.Base.EventBusRabbitMQ\App.Base.EventBusRabbitMQ.csproj", "{68F7FCE0-C80D-4347-AE15-AD3A2BD300B9}"
EndProject
Global
	GlobalSection(SolutionConfigurationPlatforms) = preSolution
		Debug|Any CPU = Debug|Any CPU
		Release|Any CPU = Release|Any CPU
	EndGlobalSection
	GlobalSection(ProjectConfigurationPlatforms) = postSolution
		{1FD78773-B586-47C9-AB78-192F327E93B6}.Debug|Any CPU.ActiveCfg = Debug|Any CPU
		{1FD78773-B586-47C9-AB78-192F327E93B6}.Debug|Any CPU.Build.0 = Debug|Any CPU
		{1FD78773-B586-47C9-AB78-192F327E93B6}.Release|Any CPU.ActiveCfg = Release|Any CPU
		{1FD78773-B586-47C9-AB78-192F327E93B6}.Release|Any CPU.Build.0 = Release|Any CPU
		{0003212E-6AC8-4467-911B-38FC638E2F96}.Debug|Any CPU.ActiveCfg = Debug|Any CPU
		{0003212E-6AC8-4467-911B-38FC638E2F96}.Debug|Any CPU.Build.0 = Debug|Any CPU
		{0003212E-6AC8-4467-911B-38FC638E2F96}.Release|Any CPU.ActiveCfg = Release|Any CPU
		{0003212E-6AC8-4467-911B-38FC638E2F96}.Release|Any CPU.Build.0 = Release|Any CPU
		{86392598-5BF9-4A9F-9C63-6492759915B8}.Debug|Any CPU.ActiveCfg = Debug|Any CPU
		{86392598-5BF9-4A9F-9C63-6492759915B8}.Debug|Any CPU.Build.0 = Debug|Any CPU
		{86392598-5BF9-4A9F-9C63-6492759915B8}.Release|Any CPU.ActiveCfg = Release|Any CPU
		{86392598-5BF9-4A9F-9C63-6492759915B8}.Release|Any CPU.Build.0 = Release|Any CPU
		{DA4182F6-6B85-44B5-B2D7-B5CA2C503163}.Debug|Any CPU.ActiveCfg = Debug|Any CPU
		{DA4182F6-6B85-44B5-B2D7-B5CA2C503163}.Debug|Any CPU.Build.0 = Debug|Any CPU
		{DA4182F6-6B85-44B5-B2D7-B5CA2C503163}.Release|Any CPU.ActiveCfg = Release|Any CPU
		{DA4182F6-6B85-44B5-B2D7-B5CA2C503163}.Release|Any CPU.Build.0 = Release|Any CPU
		{A4EA8666-EE50-4363-8F1D-762680D53DDA}.Debug|Any CPU.ActiveCfg = Debug|Any CPU
		{A4EA8666-EE50-4363-8F1D-762680D53DDA}.Debug|Any CPU.Build.0 = Debug|Any CPU
		{A4EA8666-EE50-4363-8F1D-762680D53DDA}.Release|Any CPU.ActiveCfg = Release|Any CPU
		{A4EA8666-EE50-4363-8F1D-762680D53DDA}.Release|Any CPU.Build.0 = Release|Any CPU
		{EDC2D1B7-7987-448E-91B8-C7D5DA440985}.Debug|Any CPU.ActiveCfg = Debug|Any CPU
		{EDC2D1B7-7987-448E-91B8-C7D5DA440985}.Debug|Any CPU.Build.0 = Debug|Any CPU
		{EDC2D1B7-7987-448E-91B8-C7D5DA440985}.Release|Any CPU.ActiveCfg = Release|Any CPU
		{EDC2D1B7-7987-448E-91B8-C7D5DA440985}.Release|Any CPU.Build.0 = Release|Any CPU
		{0C17E302-FFAB-40E5-B8DC-D8A6BDD3FAEA}.Debug|Any CPU.ActiveCfg = Debug|Any CPU
		{0C17E302-FFAB-40E5-B8DC-D8A6BDD3FAEA}.Debug|Any CPU.Build.0 = Debug|Any CPU
		{0C17E302-FFAB-40E5-B8DC-D8A6BDD3FAEA}.Release|Any CPU.ActiveCfg = Release|Any CPU
		{0C17E302-FFAB-40E5-B8DC-D8A6BDD3FAEA}.Release|Any CPU.Build.0 = Release|Any CPU
		{2BCAFD69-E237-41CD-BE7C-8531410E7E13}.Debug|Any CPU.ActiveCfg = Debug|Any CPU
		{2BCAFD69-E237-41CD-BE7C-8531410E7E13}.Debug|Any CPU.Build.0 = Debug|Any CPU
		{2BCAFD69-E237-41CD-BE7C-8531410E7E13}.Release|Any CPU.ActiveCfg = Release|Any CPU
		{2BCAFD69-E237-41CD-BE7C-8531410E7E13}.Release|Any CPU.Build.0 = Release|Any CPU
		{A7517617-AB14-4AFE-B4DB-DF131F5E8E82}.Debug|Any CPU.ActiveCfg = Debug|Any CPU
		{A7517617-AB14-4AFE-B4DB-DF131F5E8E82}.Debug|Any CPU.Build.0 = Debug|Any CPU
		{A7517617-AB14-4AFE-B4DB-DF131F5E8E82}.Release|Any CPU.ActiveCfg = Release|Any CPU
		{A7517617-AB14-4AFE-B4DB-DF131F5E8E82}.Release|Any CPU.Build.0 = Release|Any CPU
		{5416978D-EF3B-47CB-B86C-E745123F13DD}.Debug|Any CPU.ActiveCfg = Debug|Any CPU
		{5416978D-EF3B-47CB-B86C-E745123F13DD}.Debug|Any CPU.Build.0 = Debug|Any CPU
		{5416978D-EF3B-47CB-B86C-E745123F13DD}.Release|Any CPU.ActiveCfg = Release|Any CPU
		{5416978D-EF3B-47CB-B86C-E745123F13DD}.Release|Any CPU.Build.0 = Release|Any CPU
		{9EDE0EAE-C116-489C-9C76-E95731D2169D}.Debug|Any CPU.ActiveCfg = Debug|Any CPU
		{9EDE0EAE-C116-489C-9C76-E95731D2169D}.Debug|Any CPU.Build.0 = Debug|Any CPU
		{9EDE0EAE-C116-489C-9C76-E95731D2169D}.Release|Any CPU.ActiveCfg = Release|Any CPU
		{9EDE0EAE-C116-489C-9C76-E95731D2169D}.Release|Any CPU.Build.0 = Release|Any CPU
		{FEA66DE3-C5E0-4BDB-8551-073A98189761}.Debug|Any CPU.ActiveCfg = Debug|Any CPU
		{FEA66DE3-C5E0-4BDB-8551-073A98189761}.Debug|Any CPU.Build.0 = Debug|Any CPU
		{FEA66DE3-C5E0-4BDB-8551-073A98189761}.Release|Any CPU.ActiveCfg = Release|Any CPU
		{FEA66DE3-C5E0-4BDB-8551-073A98189761}.Release|Any CPU.Build.0 = Release|Any CPU
		{4602311B-0236-4085-98E9-07F06BEB9123}.Debug|Any CPU.ActiveCfg = Debug|Any CPU
		{4602311B-0236-4085-98E9-07F06BEB9123}.Debug|Any CPU.Build.0 = Debug|Any CPU
		{4602311B-0236-4085-98E9-07F06BEB9123}.Release|Any CPU.ActiveCfg = Release|Any CPU
		{4602311B-0236-4085-98E9-07F06BEB9123}.Release|Any CPU.Build.0 = Release|Any CPU
		{AC9418BD-C0F2-479B-BC1B-37CDDE8CA6CC}.Debug|Any CPU.ActiveCfg = Debug|Any CPU
		{AC9418BD-C0F2-479B-BC1B-37CDDE8CA6CC}.Debug|Any CPU.Build.0 = Debug|Any CPU
		{AC9418BD-C0F2-479B-BC1B-37CDDE8CA6CC}.Release|Any CPU.ActiveCfg = Release|Any CPU
		{AC9418BD-C0F2-479B-BC1B-37CDDE8CA6CC}.Release|Any CPU.Build.0 = Release|Any CPU
		{374FEE92-4057-4B85-9F06-92C51EA2A3C0}.Debug|Any CPU.ActiveCfg = Debug|Any CPU
		{374FEE92-4057-4B85-9F06-92C51EA2A3C0}.Debug|Any CPU.Build.0 = Debug|Any CPU
		{374FEE92-4057-4B85-9F06-92C51EA2A3C0}.Release|Any CPU.ActiveCfg = Release|Any CPU
		{374FEE92-4057-4B85-9F06-92C51EA2A3C0}.Release|Any CPU.Build.0 = Release|Any CPU
		{4BEC4A2F-67E5-44E9-8979-55977EB63D88}.Debug|Any CPU.ActiveCfg = Debug|Any CPU
		{4BEC4A2F-67E5-44E9-8979-55977EB63D88}.Debug|Any CPU.Build.0 = Debug|Any CPU
		{4BEC4A2F-67E5-44E9-8979-55977EB63D88}.Release|Any CPU.ActiveCfg = Release|Any CPU
		{4BEC4A2F-67E5-44E9-8979-55977EB63D88}.Release|Any CPU.Build.0 = Release|Any CPU
		{69ECC309-3030-4A7C-B38E-67B1D9EFE2F9}.Debug|Any CPU.ActiveCfg = Debug|Any CPU
		{69ECC309-3030-4A7C-B38E-67B1D9EFE2F9}.Debug|Any CPU.Build.0 = Debug|Any CPU
		{69ECC309-3030-4A7C-B38E-67B1D9EFE2F9}.Release|Any CPU.ActiveCfg = Release|Any CPU
		{69ECC309-3030-4A7C-B38E-67B1D9EFE2F9}.Release|Any CPU.Build.0 = Release|Any CPU
		{B4B911CB-BA2B-4B3E-AD25-12FB54782DC3}.Debug|Any CPU.ActiveCfg = Debug|Any CPU
		{B4B911CB-BA2B-4B3E-AD25-12FB54782DC3}.Debug|Any CPU.Build.0 = Debug|Any CPU
		{B4B911CB-BA2B-4B3E-AD25-12FB54782DC3}.Release|Any CPU.ActiveCfg = Release|Any CPU
		{B4B911CB-BA2B-4B3E-AD25-12FB54782DC3}.Release|Any CPU.Build.0 = Release|Any CPU
		{EE631DCC-E92F-475C-B83D-5CB3215A4B74}.Debug|Any CPU.ActiveCfg = Debug|Any CPU
		{EE631DCC-E92F-475C-B83D-5CB3215A4B74}.Debug|Any CPU.Build.0 = Debug|Any CPU
		{EE631DCC-E92F-475C-B83D-5CB3215A4B74}.Release|Any CPU.ActiveCfg = Release|Any CPU
		{EE631DCC-E92F-475C-B83D-5CB3215A4B74}.Release|Any CPU.Build.0 = Release|Any CPU
		{68F7FCE0-C80D-4347-AE15-AD3A2BD300B9}.Debug|Any CPU.ActiveCfg = Debug|Any CPU
		{68F7FCE0-C80D-4347-AE15-AD3A2BD300B9}.Debug|Any CPU.Build.0 = Debug|Any CPU
		{68F7FCE0-C80D-4347-AE15-AD3A2BD300B9}.Release|Any CPU.ActiveCfg = Release|Any CPU
		{68F7FCE0-C80D-4347-AE15-AD3A2BD300B9}.Release|Any CPU.Build.0 = Release|Any CPU
	EndGlobalSection
	GlobalSection(SolutionProperties) = preSolution
		HideSolutionNode = FALSE
	EndGlobalSection
	GlobalSection(NestedProjects) = preSolution
		{1FD78773-B586-47C9-AB78-192F327E93B6} = {D299CE43-2D0E-46AA-970C-0789F4184582}
		{0003212E-6AC8-4467-911B-38FC638E2F96} = {D299CE43-2D0E-46AA-970C-0789F4184582}
		{86392598-5BF9-4A9F-9C63-6492759915B8} = {D299CE43-2D0E-46AA-970C-0789F4184582}
		{DA4182F6-6B85-44B5-B2D7-B5CA2C503163} = {FF9DEA88-DB75-426E-856D-811A9854494C}
		{A4EA8666-EE50-4363-8F1D-762680D53DDA} = {FF9DEA88-DB75-426E-856D-811A9854494C}
		{EDC2D1B7-7987-448E-91B8-C7D5DA440985} = {FF9DEA88-DB75-426E-856D-811A9854494C}
		{0C17E302-FFAB-40E5-B8DC-D8A6BDD3FAEA} = {3C3030DA-3C52-4ABE-87C2-2F9036DA5A64}
		{2BCAFD69-E237-41CD-BE7C-8531410E7E13} = {3C3030DA-3C52-4ABE-87C2-2F9036DA5A64}
		{A7517617-AB14-4AFE-B4DB-DF131F5E8E82} = {D299CE43-2D0E-46AA-970C-0789F4184582}
		{5416978D-EF3B-47CB-B86C-E745123F13DD} = {92097AC9-910D-440F-A3A6-E740D23407C7}
		{9EDE0EAE-C116-489C-9C76-E95731D2169D} = {7ED11BFF-9562-4668-858C-3768AD58531D}
		{FEA66DE3-C5E0-4BDB-8551-073A98189761} = {7ED11BFF-9562-4668-858C-3768AD58531D}
		{4602311B-0236-4085-98E9-07F06BEB9123} = {7ED11BFF-9562-4668-858C-3768AD58531D}
		{AC9418BD-C0F2-479B-BC1B-37CDDE8CA6CC} = {3C3030DA-3C52-4ABE-87C2-2F9036DA5A64}
		{374FEE92-4057-4B85-9F06-92C51EA2A3C0} = {47A4286A-3807-4DD9-AF7D-EFEFF01B4456}
		{4BEC4A2F-67E5-44E9-8979-55977EB63D88} = {47A4286A-3807-4DD9-AF7D-EFEFF01B4456}
		{69ECC309-3030-4A7C-B38E-67B1D9EFE2F9} = {47A4286A-3807-4DD9-AF7D-EFEFF01B4456}
		{B4B911CB-BA2B-4B3E-AD25-12FB54782DC3} = {3C3030DA-3C52-4ABE-87C2-2F9036DA5A64}
		{EE631DCC-E92F-475C-B83D-5CB3215A4B74} = {7ED11BFF-9562-4668-858C-3768AD58531D}
		{68F7FCE0-C80D-4347-AE15-AD3A2BD300B9} = {7ED11BFF-9562-4668-858C-3768AD58531D}
	EndGlobalSection
	GlobalSection(ExtensibilityGlobals) = postSolution
		SolutionGuid = {D9BBB9A8-B6D6-42EA-8FCF-125CEA24BED7}
	EndGlobalSection
EndGlobal
